// !$*UTF8*$!
{
	archiveVersion = 1;
	classes = {
	};
	objectVersion = 50;
	objects = {

/* Begin PBXBuildFile section */
		F640A1EE225D4AE200624224 /* AppDelegate.swift in Sources */ = {isa = PBXBuildFile; fileRef = F640A1ED225D4AE200624224 /* AppDelegate.swift */; };
		F640A1F0225D4AE300624224 /* FirstViewController.swift in Sources */ = {isa = PBXBuildFile; fileRef = F640A1EF225D4AE300624224 /* FirstViewController.swift */; };
		F640A1F2225D4AE300624224 /* SecondViewController.swift in Sources */ = {isa = PBXBuildFile; fileRef = F640A1F1225D4AE300624224 /* SecondViewController.swift */; };
		F640A1F5225D4AE300624224 /* Main.storyboard in Resources */ = {isa = PBXBuildFile; fileRef = F640A1F3225D4AE300624224 /* Main.storyboard */; };
		F640A1F7225D4AE300624224 /* Assets.xcassets in Resources */ = {isa = PBXBuildFile; fileRef = F640A1F6225D4AE300624224 /* Assets.xcassets */; };
		F640A1FA225D4AE300624224 /* LaunchScreen.storyboard in Resources */ = {isa = PBXBuildFile; fileRef = F640A1F8225D4AE300624224 /* LaunchScreen.storyboard */; };
/* End PBXBuildFile section */

/* Begin PBXFileReference section */
		F640A1EA225D4AE200624224 /* Superheroes and Laureates.app */ = {isa = PBXFileReference; explicitFileType = wrapper.application; includeInIndex = 0; path = "Superheroes and Laureates.app"; sourceTree = BUILT_PRODUCTS_DIR; };
		F640A1ED225D4AE200624224 /* AppDelegate.swift */ = {isa = PBXFileReference; lastKnownFileType = sourcecode.swift; path = AppDelegate.swift; sourceTree = "<group>"; };
		F640A1EF225D4AE300624224 /* FirstViewController.swift */ = {isa = PBXFileReference; lastKnownFileType = sourcecode.swift; path = FirstViewController.swift; sourceTree = "<group>"; };
		F640A1F1225D4AE300624224 /* SecondViewController.swift */ = {isa = PBXFileReference; lastKnownFileType = sourcecode.swift; path = SecondViewController.swift; sourceTree = "<group>"; };
		F640A1F4225D4AE300624224 /* Base */ = {isa = PBXFileReference; lastKnownFileType = file.storyboard; name = Base; path = Base.lproj/Main.storyboard; sourceTree = "<group>"; };
		F640A1F6225D4AE300624224 /* Assets.xcassets */ = {isa = PBXFileReference; lastKnownFileType = folder.assetcatalog; path = Assets.xcassets; sourceTree = "<group>"; };
		F640A1F9225D4AE300624224 /* Base */ = {isa = PBXFileReference; lastKnownFileType = file.storyboard; name = Base; path = Base.lproj/LaunchScreen.storyboard; sourceTree = "<group>"; };
		F640A1FB225D4AE300624224 /* Info.plist */ = {isa = PBXFileReference; lastKnownFileType = text.plist.xml; path = Info.plist; sourceTree = "<group>"; };
/* End PBXFileReference section */

/* Begin PBXFrameworksBuildPhase section */
		F640A1E7225D4AE200624224 /* Frameworks */ = {
			isa = PBXFrameworksBuildPhase;
			buildActionMask = 2147483647;
			files = (
			);
			runOnlyForDeploymentPostprocessing = 0;
		};
/* End PBXFrameworksBuildPhase section */

/* Begin PBXGroup section */
		F640A1E1225D4AE200624224 = {
			isa = PBXGroup;
			children = (
				F640A1EC225D4AE200624224 /* Superheroes and Laureates */,
				F640A1EB225D4AE200624224 /* Products */,
			);
			sourceTree = "<group>";
		};
		F640A1EB225D4AE200624224 /* Products */ = {
			isa = PBXGroup;
			children = (
				F640A1EA225D4AE200624224 /* Superheroes and Laureates.app */,
			);
			name = Products;
			sourceTree = "<group>";
		};
		F640A1EC225D4AE200624224 /* Superheroes and Laureates */ = {
			isa = PBXGroup;
			children = (
				F640A1ED225D4AE200624224 /* AppDelegate.swift */,
				F640A1EF225D4AE300624224 /* FirstViewController.swift */,
				F640A1F1225D4AE300624224 /* SecondViewController.swift */,
				F640A1F3225D4AE300624224 /* Main.storyboard */,
				F640A1F6225D4AE300624224 /* Assets.xcassets */,
				F640A1F8225D4AE300624224 /* LaunchScreen.storyboard */,
				F640A1FB225D4AE300624224 /* Info.plist */,
			);
			path = "Superheroes and Laureates";
			sourceTree = "<group>";
		};
/* End PBXGroup section */

/* Begin PBXNativeTarget section */
		F640A1E9225D4AE200624224 /* Superheroes and Laureates */ = {
			isa = PBXNativeTarget;
			buildConfigurationList = F640A1FE225D4AE300624224 /* Build configuration list for PBXNativeTarget "Superheroes and Laureates" */;
			buildPhases = (
				F640A1E6225D4AE200624224 /* Sources */,
				F640A1E7225D4AE200624224 /* Frameworks */,
				F640A1E8225D4AE200624224 /* Resources */,
			);
			buildRules = (
			);
			dependencies = (
			);
			name = "Superheroes and Laureates";
			productName = "Superheroes and Laureates";
			productReference = F640A1EA225D4AE200624224 /* Superheroes and Laureates.app */;
			productType = "com.apple.product-type.application";
		};
/* End PBXNativeTarget section */

/* Begin PBXProject section */
		F640A1E2225D4AE200624224 /* Project object */ = {
			isa = PBXProject;
			attributes = {
				LastSwiftUpdateCheck = 1010;
				LastUpgradeCheck = 1010;
				ORGANIZATIONNAME = "Vinukonda,Sai Manikanta Durga Prasad";
				TargetAttributes = {
					F640A1E9225D4AE200624224 = {
						CreatedOnToolsVersion = 10.1;
					};
				};
			};
			buildConfigurationList = F640A1E5225D4AE200624224 /* Build configuration list for PBXProject "Superheroes and Laureates" */;
			compatibilityVersion = "Xcode 9.3";
			developmentRegion = en;
			hasScannedForEncodings = 0;
			knownRegions = (
				en,
				Base,
			);
			mainGroup = F640A1E1225D4AE200624224;
			productRefGroup = F640A1EB225D4AE200624224 /* Products */;
			projectDirPath = "";
			projectRoot = "";
			targets = (
				F640A1E9225D4AE200624224 /* Superheroes and Laureates */,
			);
		};
/* End PBXProject section */

/* Begin PBXResourcesBuildPhase section */
		F640A1E8225D4AE200624224 /* Resources */ = {
			isa = PBXResourcesBuildPhase;
			buildActionMask = 2147483647;
			files = (
				F640A1FA225D4AE300624224 /* LaunchScreen.storyboard in Resources */,
				F640A1F7225D4AE300624224 /* Assets.xcassets in Resources */,
				F640A1F5225D4AE300624224 /* Main.storyboard in Resources */,
			);
			runOnlyForDeploymentPostprocessing = 0;
		};
/* End PBXResourcesBuildPhase section */

/* Begin PBXSourcesBuildPhase section */
		F640A1E6225D4AE200624224 /* Sources */ = {
			isa = PBXSourcesBuildPhase;
			buildActionMask = 2147483647;
			files = (
				F640A1F2225D4AE300624224 /* SecondViewController.swift in Sources */,
				F640A1EE225D4AE200624224 /* AppDelegate.swift in Sources */,
				F640A1F0225D4AE300624224 /* FirstViewController.swift in Sources */,
			);
			runOnlyForDeploymentPostprocessing = 0;
		};
/* End PBXSourcesBuildPhase section */

/* Begin PBXVariantGroup section */
		F640A1F3225D4AE300624224 /* Main.storyboard */ = {
			isa = PBXVariantGroup;
			children = (
				F640A1F4225D4AE300624224 /* Base */,
			);
			name = Main.storyboard;
			sourceTree = "<group>";
		};
		F640A1F8225D4AE300624224 /* LaunchScreen.storyboard */ = {
			isa = PBXVariantGroup;
			children = (
				F640A1F9225D4AE300624224 /* Base */,
			);
			name = LaunchScreen.storyboard;
			sourceTree = "<group>";
		};
/* End PBXVariantGroup section */

/* Begin XCBuildConfiguration section */
		F640A1FC225D4AE300624224 /* Debug */ = {
			isa = XCBuildConfiguration;
			buildSettings = {
				ALWAYS_SEARCH_USER_PATHS = NO;
				CLANG_ANALYZER_NONNULL = YES;
				CLANG_ANALYZER_NUMBER_OBJECT_CONVERSION = YES_AGGRESSIVE;
				CLANG_CXX_LANGUAGE_STANDARD = "gnu++14";
				CLANG_CXX_LIBRARY = "libc++";
				CLANG_ENABLE_MODULES = YES;
				CLANG_ENABLE_OBJC_ARC = YES;
				CLANG_ENABLE_OBJC_WEAK = YES;
				CLANG_WARN_BLOCK_CAPTURE_AUTORELEASING = YES;
				CLANG_WARN_BOOL_CONVERSION = YES;
				CLANG_WARN_COMMA = YES;
				CLANG_WARN_CONSTANT_CONVERSION = YES;
				CLANG_WARN_DEPRECATED_OBJC_IMPLEMENTATIONS = YES;
				CLANG_WARN_DIRECT_OBJC_ISA_USAGE = YES_ERROR;
				CLANG_WARN_DOCUMENTATION_COMMENTS = YES;
				CLANG_WARN_EMPTY_BODY = YES;
				CLANG_WARN_ENUM_CONVERSION = YES;
				CLANG_WARN_INFINITE_RECURSION = YES;
				CLANG_WARN_INT_CONVERSION = YES;
				CLANG_WARN_NON_LITERAL_NULL_CONVERSION = YES;
				CLANG_WARN_OBJC_IMPLICIT_RETAIN_SELF = YES;
				CLANG_WARN_OBJC_LITERAL_CONVERSION = YES;
				CLANG_WARN_OBJC_ROOT_CLASS = YES_ERROR;
				CLANG_WARN_RANGE_LOOP_ANALYSIS = YES;
				CLANG_WARN_STRICT_PROTOTYPES = YES;
				CLANG_WARN_SUSPICIOUS_MOVE = YES;
				CLANG_WARN_UNGUARDED_AVAILABILITY = YES_AGGRESSIVE;
				CLANG_WARN_UNREACHABLE_CODE = YES;
				CLANG_WARN__DUPLICATE_METHOD_MATCH = YES;
				CODE_SIGN_IDENTITY = "iPhone Developer";
				COPY_PHASE_STRIP = NO;
				DEBUG_INFORMATION_FORMAT = dwarf;
				ENABLE_STRICT_OBJC_MSGSEND = YES;
				ENABLE_TESTABILITY = YES;
				GCC_C_LANGUAGE_STANDARD = gnu11;
				GCC_DYNAMIC_NO_PIC = NO;
				GCC_NO_COMMON_BLOCKS = YES;
				GCC_OPTIMIZATION_LEVEL = 0;
				GCC_PREPROCESSOR_DEFINITIONS = (
					"DEBUG=1",
					"$(inherited)",
				);
				GCC_WARN_64_TO_32_BIT_CONVERSION = YES;
				GCC_WARN_ABOUT_RETURN_TYPE = YES_ERROR;
				GCC_WARN_UNDECLARED_SELECTOR = YES;
				GCC_WARN_UNINITIALIZED_AUTOS = YES_AGGRESSIVE;
				GCC_WARN_UNUSED_FUNCTION = YES;
				GCC_WARN_UNUSED_VARIABLE = YES;
				IPHONEOS_DEPLOYMENT_TARGET = 12.1;
				MTL_ENABLE_DEBUG_INFO = INCLUDE_SOURCE;
				MTL_FAST_MATH = YES;
				ONLY_ACTIVE_ARCH = YES;
				SDKROOT = iphoneos;
				SWIFT_ACTIVE_COMPILATION_CONDITIONS = DEBUG;
				SWIFT_OPTIMIZATION_LEVEL = "-Onone";
			};
			name = Debug;
		};
		F640A1FD225D4AE300624224 /* Release */ = {
			isa = XCBuildConfiguration;
			buildSettings = {
				ALWAYS_SEARCH_USER_PATHS = NO;
				CLANG_ANALYZER_NONNULL = YES;
				CLANG_ANALYZER_NUMBER_OBJECT_CONVERSION = YES_AGGRESSIVE;
				CLANG_CXX_LANGUAGE_STANDARD = "gnu++14";
				CLANG_CXX_LIBRARY = "libc++";
				CLANG_ENABLE_MODULES = YES;
				CLANG_ENABLE_OBJC_ARC = YES;
				CLANG_ENABLE_OBJC_WEAK = YES;
				CLANG_WARN_BLOCK_CAPTURE_AUTORELEASING = YES;
				CLANG_WARN_BOOL_CONVERSION = YES;
				CLANG_WARN_COMMA = YES;
				CLANG_WARN_CONSTANT_CONVERSION = YES;
				CLANG_WARN_DEPRECATED_OBJC_IMPLEMENTATIONS = YES;
				CLANG_WARN_DIRECT_OBJC_ISA_USAGE = YES_ERROR;
				CLANG_WARN_DOCUMENTATION_COMMENTS = YES;
				CLANG_WARN_EMPTY_BODY = YES;
				CLANG_WARN_ENUM_CONVERSION = YES;
				CLANG_WARN_INFINITE_RECURSION = YES;
				CLANG_WARN_INT_CONVERSION = YES;
				CLANG_WARN_NON_LITERAL_NULL_CONVERSION = YES;
				CLANG_WARN_OBJC_IMPLICIT_RETAIN_SELF = YES;
				CLANG_WARN_OBJC_LITERAL_CONVERSION = YES;
				CLANG_WARN_OBJC_ROOT_CLASS = YES_ERROR;
				CLANG_WARN_RANGE_LOOP_ANALYSIS = YES;
				CLANG_WARN_STRICT_PROTOTYPES = YES;
				CLANG_WARN_SUSPICIOUS_MOVE = YES;
				CLANG_WARN_UNGUARDED_AVAILABILITY = YES_AGGRESSIVE;
				CLANG_WARN_UNREACHABLE_CODE = YES;
				CLANG_WARN__DUPLICATE_METHOD_MATCH = YES;
				CODE_SIGN_IDENTITY = "iPhone Developer";
				COPY_PHASE_STRIP = NO;
				DEBUG_INFORMATION_FORMAT = "dwarf-with-dsym";
				ENABLE_NS_ASSERTIONS = NO;
				ENABLE_STRICT_OBJC_MSGSEND = YES;
				GCC_C_LANGUAGE_STANDARD = gnu11;
				GCC_NO_COMMON_BLOCKS = YES;
				GCC_WARN_64_TO_32_BIT_CONVERSION = YES;
				GCC_WARN_ABOUT_RETURN_TYPE = YES_ERROR;
				GCC_WARN_UNDECLARED_SELECTOR = YES;
				GCC_WARN_UNINITIALIZED_AUTOS = YES_AGGRESSIVE;
				GCC_WARN_UNUSED_FUNCTION = YES;
				GCC_WARN_UNUSED_VARIABLE = YES;
				IPHONEOS_DEPLOYMENT_TARGET = 12.1;
				MTL_ENABLE_DEBUG_INFO = NO;
				MTL_FAST_MATH = YES;
				SDKROOT = iphoneos;
				SWIFT_COMPILATION_MODE = wholemodule;
				SWIFT_OPTIMIZATION_LEVEL = "-O";
				VALIDATE_PRODUCT = YES;
			};
			name = Release;
		};
		F640A1FF225D4AE300624224 /* Debug */ = {
			isa = XCBuildConfiguration;
			buildSettings = {
				ASSETCATALOG_COMPILER_APPICON_NAME = AppIcon;
				CODE_SIGN_STYLE = Automatic;
				INFOPLIST_FILE = "Superheroes and Laureates/Info.plist";
				LD_RUNPATH_SEARCH_PATHS = (
					"$(inherited)",
					"@executable_path/Frameworks",
				);
				PRODUCT_BUNDLE_IDENTIFIER = "edu.nwmissouri.Superheroes-and-Laureates";
				PRODUCT_NAME = "$(TARGET_NAME)";
				SWIFT_VERSION = 4.2;
				TARGETED_DEVICE_FAMILY = "1,2";
			};
			name = Debug;
		};
		F640A200225D4AE300624224 /* Release */ = {
			isa = XCBuildConfiguration;
			buildSettings = {
				ASSETCATALOG_COMPILER_APPICON_NAME = AppIcon;
				CODE_SIGN_STYLE = Automatic;
				INFOPLIST_FILE = "Superheroes and Laureates/Info.plist";
				LD_RUNPATH_SEARCH_PATHS = (
					"$(inherited)",
					"@executable_path/Frameworks",
				);
				PRODUCT_BUNDLE_IDENTIFIER = "edu.nwmissouri.Superheroes-and-Laureates";
				PRODUCT_NAME = "$(TARGET_NAME)";
				SWIFT_VERSION = 4.2;
				TARGETED_DEVICE_FAMILY = "1,2";
			};
			name = Release;
		};
/* End XCBuildConfiguration section */

/* Begin XCConfigurationList section */
		F640A1E5225D4AE200624224 /* Build configuration list for PBXProject "Superheroes and Laureates" */ = {
			isa = XCConfigurationList;
			buildConfigurations = (
				F640A1FC225D4AE300624224 /* Debug */,
				F640A1FD225D4AE300624224 /* Release */,
			);
			defaultConfigurationIsVisible = 0;
			defaultConfigurationName = Release;
		};
		F640A1FE225D4AE300624224 /* Build configuration list for PBXNativeTarget "Superheroes and Laureates" */ = {
			isa = XCConfigurationList;
			buildConfigurations = (
				F640A1FF225D4AE300624224 /* Debug */,
				F640A200225D4AE300624224 /* Release */,
			);
			defaultConfigurationIsVisible = 0;
			defaultConfigurationName = Release;
		};
/* End XCConfigurationList section */
	};
	rootObject = F640A1E2225D4AE200624224 /* Project object */;
}
